# This file is automatically @generated by Poetry 1.8.4 and should not be changed by hand.

[[package]]
name = "anyio"
version = "4.6.2.post1"
description = "High level compatibility layer for multiple asynchronous event loop implementations"
optional = false
python-versions = ">=3.9"
files = [
    {file = "anyio-4.6.2.post1-py3-none-any.whl", hash = "sha256:6d170c36fba3bdd840c73d3868c1e777e33676a69c3a72cf0a0d5d6d8009b61d"},
    {file = "anyio-4.6.2.post1.tar.gz", hash = "sha256:4c8bc31ccdb51c7f7bd251f51c609e038d63e34219b44aa86e47576389880b4c"},
]

[package.dependencies]
exceptiongroup = {version = ">=1.0.2", markers = "python_version < \"3.11\""}
idna = ">=2.8"
sniffio = ">=1.1"
typing-extensions = {version = ">=4.1", markers = "python_version < \"3.11\""}

[package.extras]
doc = ["Sphinx (>=7.4,<8.0)", "packaging", "sphinx-autodoc-typehints (>=1.2.0)", "sphinx-rtd-theme"]
test = ["anyio[trio]", "coverage[toml] (>=7)", "exceptiongroup (>=1.2.0)", "hypothesis (>=4.0)", "psutil (>=5.9)", "pytest (>=7.0)", "pytest-mock (>=3.6.1)", "trustme", "truststore (>=0.9.1)", "uvloop (>=0.21.0b1)"]
trio = ["trio (>=0.26.1)"]

[[package]]
name = "asgiref"
version = "3.8.1"
description = "ASGI specs, helper code, and adapters"
optional = false
python-versions = ">=3.8"
files = [
    {file = "asgiref-3.8.1-py3-none-any.whl", hash = "sha256:3e1e3ecc849832fe52ccf2cb6686b7a55f82bb1d6aee72a58826471390335e47"},
    {file = "asgiref-3.8.1.tar.gz", hash = "sha256:c343bd80a0bec947a9860adb4c432ffa7db769836c64238fc34bdc3fec84d590"},
]

[package.dependencies]
typing-extensions = {version = ">=4", markers = "python_version < \"3.11\""}

[package.extras]
tests = ["mypy (>=0.800)", "pytest", "pytest-asyncio"]

[[package]]
name = "atomicwrites"
version = "1.4.1"
description = "Atomic file writes."
optional = false
python-versions = ">=2.7, !=3.0.*, !=3.1.*, !=3.2.*, !=3.3.*"
files = [
    {file = "atomicwrites-1.4.1.tar.gz", hash = "sha256:81b2c9071a49367a7f770170e5eec8cb66567cfbbc8c73d20ce5ca4a8d71cf11"},
]

[[package]]
name = "attrs"
version = "24.2.0"
description = "Classes Without Boilerplate"
optional = false
python-versions = ">=3.7"
files = [
    {file = "attrs-24.2.0-py3-none-any.whl", hash = "sha256:81921eb96de3191c8258c199618104dd27ac608d9366f5e35d011eae1867ede2"},
    {file = "attrs-24.2.0.tar.gz", hash = "sha256:5cfb1b9148b5b086569baec03f20d7b6bf3bcacc9a42bebf87ffaaca362f6346"},
]

[package.extras]
benchmark = ["cloudpickle", "hypothesis", "mypy (>=1.11.1)", "pympler", "pytest (>=4.3.0)", "pytest-codspeed", "pytest-mypy-plugins", "pytest-xdist[psutil]"]
cov = ["cloudpickle", "coverage[toml] (>=5.3)", "hypothesis", "mypy (>=1.11.1)", "pympler", "pytest (>=4.3.0)", "pytest-mypy-plugins", "pytest-xdist[psutil]"]
dev = ["cloudpickle", "hypothesis", "mypy (>=1.11.1)", "pre-commit", "pympler", "pytest (>=4.3.0)", "pytest-mypy-plugins", "pytest-xdist[psutil]"]
docs = ["cogapp", "furo", "myst-parser", "sphinx", "sphinx-notfound-page", "sphinxcontrib-towncrier", "towncrier (<24.7)"]
tests = ["cloudpickle", "hypothesis", "mypy (>=1.11.1)", "pympler", "pytest (>=4.3.0)", "pytest-mypy-plugins", "pytest-xdist[psutil]"]
tests-mypy = ["mypy (>=1.11.1)", "pytest-mypy-plugins"]

[[package]]
name = "certifi"
version = "2024.8.30"
description = "Python package for providing Mozilla's CA Bundle."
optional = false
python-versions = ">=3.6"
files = [
    {file = "certifi-2024.8.30-py3-none-any.whl", hash = "sha256:922820b53db7a7257ffbda3f597266d435245903d80737e34f8a45ff3e3230d8"},
    {file = "certifi-2024.8.30.tar.gz", hash = "sha256:bec941d2aa8195e248a60b31ff9f0558284cf01a52591ceda73ea9afffd69fd9"},
]

[[package]]
name = "click"
version = "8.1.7"
description = "Composable command line interface toolkit"
optional = false
python-versions = ">=3.7"
files = [
    {file = "click-8.1.7-py3-none-any.whl", hash = "sha256:ae74fb96c20a0277a1d615f1e4d73c8414f5a98db8b799a7931d1582f3390c28"},
    {file = "click-8.1.7.tar.gz", hash = "sha256:ca9853ad459e787e2192211578cc907e7594e294c7ccc834310722b41b9ca6de"},
]

[package.dependencies]
colorama = {version = "*", markers = "platform_system == \"Windows\""}

[[package]]
name = "colorama"
version = "0.4.6"
description = "Cross-platform colored terminal text."
optional = false
python-versions = "!=3.0.*,!=3.1.*,!=3.2.*,!=3.3.*,!=3.4.*,!=3.5.*,!=3.6.*,>=2.7"
files = [
    {file = "colorama-0.4.6-py2.py3-none-any.whl", hash = "sha256:4f1d9991f5acc0ca119f9d443620b77f9d6b33703e51011c16baf57afb285fc6"},
    {file = "colorama-0.4.6.tar.gz", hash = "sha256:08695f5cb7ed6e0531a20572697297273c47b8cae5a63ffc6d6ed5c201be6e44"},
]

[[package]]
name = "distro"
version = "1.9.0"
description = "Distro - an OS platform information API"
optional = false
python-versions = ">=3.6"
files = [
    {file = "distro-1.9.0-py3-none-any.whl", hash = "sha256:7bffd925d65168f85027d8da9af6bddab658135b840670a223589bc0c8ef02b2"},
    {file = "distro-1.9.0.tar.gz", hash = "sha256:2fa77c6fd8940f116ee1d6b94a2f90b13b5ea8d019b98bc8bafdcabcdd9bdbed"},
]

[[package]]
name = "exceptiongroup"
version = "1.2.2"
description = "Backport of PEP 654 (exception groups)"
optional = false
python-versions = ">=3.7"
files = [
    {file = "exceptiongroup-1.2.2-py3-none-any.whl", hash = "sha256:3111b9d131c238bec2f8f516e123e14ba243563fb135d3fe885990585aa7795b"},
    {file = "exceptiongroup-1.2.2.tar.gz", hash = "sha256:47c2edf7c6738fafb49fd34290706d1a1a2f4d1c6df275526b62cbb4aa5393cc"},
]

[package.extras]
test = ["pytest (>=6)"]

[[package]]
name = "fastapi"
version = "0.68.2"
description = "FastAPI framework, high performance, easy to learn, fast to code, ready for production"
optional = false
python-versions = ">=3.6.1"
files = [
    {file = "fastapi-0.68.2-py3-none-any.whl", hash = "sha256:36bcdd3dbea87c586061005e4a40b9bd0145afd766655b4e0ec1d8870b32555c"},
    {file = "fastapi-0.68.2.tar.gz", hash = "sha256:38526fc46bda73f7ec92033952677323c16061e70a91d15c95f18b11895da494"},
]

[package.dependencies]
pydantic = ">=1.6.2,<1.7 || >1.7,<1.7.1 || >1.7.1,<1.7.2 || >1.7.2,<1.7.3 || >1.7.3,<1.8 || >1.8,<1.8.1 || >1.8.1,<2.0.0"
starlette = "0.14.2"

[package.extras]
all = ["aiofiles (>=0.5.0,<0.8.0)", "async_exit_stack (>=1.0.1,<2.0.0)", "async_generator (>=1.10,<2.0.0)", "email_validator (>=1.1.1,<2.0.0)", "graphene (>=2.1.8,<3.0.0)", "itsdangerous (>=1.1.0,<2.0.0)", "jinja2 (>=2.11.2,<3.0.0)", "orjson (>=3.2.1,<4.0.0)", "python-multipart (>=0.0.5,<0.0.6)", "pyyaml (>=5.3.1,<6.0.0)", "requests (>=2.24.0,<3.0.0)", "ujson (>=4.0.1,<5.0.0)", "uvicorn[standard] (>=0.12.0,<0.16.0)"]
dev = ["autoflake (>=1.4.0,<2.0.0)", "flake8 (>=3.8.3,<4.0.0)", "graphene (>=2.1.8,<3.0.0)", "passlib[bcrypt] (>=1.7.2,<2.0.0)", "python-jose[cryptography] (>=3.3.0,<4.0.0)", "uvicorn[standard] (>=0.12.0,<0.16.0)"]
doc = ["mdx-include (>=1.4.1,<2.0.0)", "mkdocs (>=1.1.2,<2.0.0)", "mkdocs-markdownextradata-plugin (>=0.1.7,<0.3.0)", "mkdocs-material (>=7.1.9,<8.0.0)", "pyyaml (>=5.3.1,<6.0.0)", "typer-cli (>=0.0.12,<0.0.13)"]
test = ["aiofiles (>=0.5.0,<0.8.0)", "async_exit_stack (>=1.0.1,<2.0.0)", "async_generator (>=1.10,<2.0.0)", "black (==21.9b0)", "databases[sqlite] (>=0.3.2,<0.6.0)", "email_validator (>=1.1.1,<2.0.0)", "flake8 (>=3.8.3,<4.0.0)", "flask (>=1.1.2,<2.0.0)", "httpx (>=0.14.0,<0.19.0)", "isort (>=5.0.6,<6.0.0)", "mypy (==0.910)", "orjson (>=3.2.1,<4.0.0)", "peewee (>=3.13.3,<4.0.0)", "pytest (>=6.2.4,<7.0.0)", "pytest-asyncio (>=0.14.0,<0.16.0)", "pytest-cov (>=2.12.0,<4.0.0)", "python-multipart (>=0.0.5,<0.0.6)", "requests (>=2.24.0,<3.0.0)", "sqlalchemy (>=1.3.18,<1.5.0)", "types-dataclasses (==0.1.7)", "types-orjson (==3.6.0)", "types-ujson (==0.1.1)", "ujson (>=4.0.1,<5.0.0)"]

[[package]]
name = "h11"
version = "0.14.0"
description = "A pure-Python, bring-your-own-I/O implementation of HTTP/1.1"
optional = false
python-versions = ">=3.7"
files = [
    {file = "h11-0.14.0-py3-none-any.whl", hash = "sha256:e3fe4ac4b851c468cc8363d500db52c2ead036020723024a109d37346efaa761"},
    {file = "h11-0.14.0.tar.gz", hash = "sha256:8f19fbbe99e72420ff35c00b27a34cb9937e902a8b810e2c88300c6f0a3b699d"},
]

[[package]]
name = "httpcore"
version = "1.0.6"
description = "A minimal low-level HTTP client."
optional = false
python-versions = ">=3.8"
files = [
    {file = "httpcore-1.0.6-py3-none-any.whl", hash = "sha256:27b59625743b85577a8c0e10e55b50b5368a4f2cfe8cc7bcfa9cf00829c2682f"},
    {file = "httpcore-1.0.6.tar.gz", hash = "sha256:73f6dbd6eb8c21bbf7ef8efad555481853f5f6acdeaff1edb0694289269ee17f"},
]

[package.dependencies]
certifi = "*"
h11 = ">=0.13,<0.15"

[package.extras]
asyncio = ["anyio (>=4.0,<5.0)"]
http2 = ["h2 (>=3,<5)"]
socks = ["socksio (==1.*)"]
trio = ["trio (>=0.22.0,<1.0)"]

[[package]]
name = "httpx"
version = "0.27.2"
description = "The next generation HTTP client."
optional = false
python-versions = ">=3.8"
files = [
    {file = "httpx-0.27.2-py3-none-any.whl", hash = "sha256:7bb2708e112d8fdd7829cd4243970f0c223274051cb35ee80c03301ee29a3df0"},
    {file = "httpx-0.27.2.tar.gz", hash = "sha256:f7c2be1d2f3c3c3160d441802406b206c2b76f5947b11115e6df10c6c65e66c2"},
]

[package.dependencies]
anyio = "*"
certifi = "*"
httpcore = "==1.*"
idna = "*"
sniffio = "*"

[package.extras]
brotli = ["brotli", "brotlicffi"]
cli = ["click (==8.*)", "pygments (==2.*)", "rich (>=10,<14)"]
http2 = ["h2 (>=3,<5)"]
socks = ["socksio (==1.*)"]
zstd = ["zstandard (>=0.18.0)"]

[[package]]
name = "idna"
version = "3.10"
description = "Internationalized Domain Names in Applications (IDNA)"
optional = false
python-versions = ">=3.6"
files = [
    {file = "idna-3.10-py3-none-any.whl", hash = "sha256:946d195a0d259cbba61165e88e65941f16e9b36ea6ddb97f00452bae8b1287d3"},
    {file = "idna-3.10.tar.gz", hash = "sha256:12f65c9b470abda6dc35cf8e63cc574b1c52b11df2c86030af0ac09b01b13ea9"},
]

[package.extras]
all = ["flake8 (>=7.1.1)", "mypy (>=1.11.2)", "pytest (>=8.3.2)", "ruff (>=0.6.2)"]

[[package]]
name = "iniconfig"
version = "2.0.0"
description = "brain-dead simple config-ini parsing"
optional = false
python-versions = ">=3.7"
files = [
    {file = "iniconfig-2.0.0-py3-none-any.whl", hash = "sha256:b6a85871a79d2e3b22d2d1b94ac2824226a63c6b741c88f7ae975f18b6778374"},
    {file = "iniconfig-2.0.0.tar.gz", hash = "sha256:2d91e135bf72d31a410b17c16da610a82cb55f6b0477d1a902134b24a455b8b3"},
]

[[package]]
name = "jiter"
version = "0.7.0"
description = "Fast iterable JSON parser."
optional = false
python-versions = ">=3.8"
files = [
    {file = "jiter-0.7.0-cp310-cp310-macosx_10_12_x86_64.whl", hash = "sha256:e14027f61101b3f5e173095d9ecf95c1cac03ffe45a849279bde1d97e559e314"},
    {file = "jiter-0.7.0-cp310-cp310-macosx_11_0_arm64.whl", hash = "sha256:979ec4711c2e37ac949561858bd42028884c9799516a923e1ff0b501ef341a4a"},
    {file = "jiter-0.7.0-cp310-cp310-manylinux_2_17_aarch64.manylinux2014_aarch64.whl", hash = "sha256:662d5d3cca58ad6af7a3c6226b641c8655de5beebcb686bfde0df0f21421aafa"},
    {file = "jiter-0.7.0-cp310-cp310-manylinux_2_17_armv7l.manylinux2014_armv7l.whl", hash = "sha256:1d89008fb47043a469f97ad90840b97ba54e7c3d62dc7cbb6cbf938bd0caf71d"},
    {file = "jiter-0.7.0-cp310-cp310-manylinux_2_17_ppc64le.manylinux2014_ppc64le.whl", hash = "sha256:a8b16c35c846a323ce9067170d5ab8c31ea3dbcab59c4f7608bbbf20c2c3b43f"},
    {file = "jiter-0.7.0-cp310-cp310-manylinux_2_17_s390x.manylinux2014_s390x.whl", hash = "sha256:c9e82daaa1b0a68704f9029b81e664a5a9de3e466c2cbaabcda5875f961702e7"},
    {file = "jiter-0.7.0-cp310-cp310-manylinux_2_17_x86_64.manylinux2014_x86_64.whl", hash = "sha256:43a87a9f586636e1f0dd3651a91f79b491ea0d9fd7cbbf4f5c463eebdc48bda7"},
    {file = "jiter-0.7.0-cp310-cp310-manylinux_2_5_i686.manylinux1_i686.whl", hash = "sha256:2ec05b1615f96cc3e4901678bc863958611584072967d9962f9e571d60711d52"},
    {file = "jiter-0.7.0-cp310-cp310-musllinux_1_1_aarch64.whl", hash = "sha256:a5cb97e35370bde7aa0d232a7f910f5a0fbbc96bc0a7dbaa044fd5cd6bcd7ec3"},
    {file = "jiter-0.7.0-cp310-cp310-musllinux_1_1_x86_64.whl", hash = "sha256:cb316dacaf48c8c187cea75d0d7f835f299137e6fdd13f691dff8f92914015c7"},
    {file = "jiter-0.7.0-cp310-none-win32.whl", hash = "sha256:243f38eb4072763c54de95b14ad283610e0cd3bf26393870db04e520f60eebb3"},
    {file = "jiter-0.7.0-cp310-none-win_amd64.whl", hash = "sha256:2221d5603c139f6764c54e37e7c6960c469cbcd76928fb10d15023ba5903f94b"},
    {file = "jiter-0.7.0-cp311-cp311-macosx_10_12_x86_64.whl", hash = "sha256:91cec0ad755bd786c9f769ce8d843af955df6a8e56b17658771b2d5cb34a3ff8"},
    {file = "jiter-0.7.0-cp311-cp311-macosx_11_0_arm64.whl", hash = "sha256:feba70a28a27d962e353e978dbb6afd798e711c04cb0b4c5e77e9d3779033a1a"},
    {file = "jiter-0.7.0-cp311-cp311-manylinux_2_17_aarch64.manylinux2014_aarch64.whl", hash = "sha256:a9d866ec066c3616cacb8535dbda38bb1d470b17b25f0317c4540182bc886ce2"},
    {file = "jiter-0.7.0-cp311-cp311-manylinux_2_17_armv7l.manylinux2014_armv7l.whl", hash = "sha256:8e7a7a00b6f9f18289dd563596f97ecaba6c777501a8ba04bf98e03087bcbc60"},
    {file = "jiter-0.7.0-cp311-cp311-manylinux_2_17_ppc64le.manylinux2014_ppc64le.whl", hash = "sha256:9aaf564094c7db8687f2660605e099f3d3e6ea5e7135498486674fcb78e29165"},
    {file = "jiter-0.7.0-cp311-cp311-manylinux_2_17_s390x.manylinux2014_s390x.whl", hash = "sha256:a4d27e09825c1b3c7a667adb500ce8b840e8fc9f630da8454b44cdd4fb0081bb"},
    {file = "jiter-0.7.0-cp311-cp311-manylinux_2_17_x86_64.manylinux2014_x86_64.whl", hash = "sha256:3ca7c287da9c1d56dda88da1d08855a787dbb09a7e2bd13c66a2e288700bd7c7"},
    {file = "jiter-0.7.0-cp311-cp311-manylinux_2_5_i686.manylinux1_i686.whl", hash = "sha256:db19a6d160f093cbc8cd5ea2abad420b686f6c0e5fb4f7b41941ebc6a4f83cda"},
    {file = "jiter-0.7.0-cp311-cp311-musllinux_1_1_aarch64.whl", hash = "sha256:6e46a63c7f877cf7441ffc821c28287cfb9f533ae6ed707bde15e7d4dfafa7ae"},
    {file = "jiter-0.7.0-cp311-cp311-musllinux_1_1_x86_64.whl", hash = "sha256:7ba426fa7ff21cb119fa544b75dd3fbee6a70e55a5829709c0338d07ccd30e6d"},
    {file = "jiter-0.7.0-cp311-none-win32.whl", hash = "sha256:c07f55a64912b0c7982377831210836d2ea92b7bd343fca67a32212dd72e38e0"},
    {file = "jiter-0.7.0-cp311-none-win_amd64.whl", hash = "sha256:ed27b2c43e1b5f6c7fedc5c11d4d8bfa627de42d1143d87e39e2e83ddefd861a"},
    {file = "jiter-0.7.0-cp312-cp312-macosx_10_12_x86_64.whl", hash = "sha256:ac7930bcaaeb1e229e35c91c04ed2e9f39025b86ee9fc3141706bbf6fff4aeeb"},
    {file = "jiter-0.7.0-cp312-cp312-macosx_11_0_arm64.whl", hash = "sha256:571feae3e7c901a8eedde9fd2865b0dfc1432fb15cab8c675a8444f7d11b7c5d"},
    {file = "jiter-0.7.0-cp312-cp312-manylinux_2_17_aarch64.manylinux2014_aarch64.whl", hash = "sha256:a8af4df8a262fa2778b68c2a03b6e9d1cb4d43d02bea6976d46be77a3a331af1"},
    {file = "jiter-0.7.0-cp312-cp312-manylinux_2_17_armv7l.manylinux2014_armv7l.whl", hash = "sha256:bd028d4165097a611eb0c7494d8c1f2aebd46f73ca3200f02a175a9c9a6f22f5"},
    {file = "jiter-0.7.0-cp312-cp312-manylinux_2_17_ppc64le.manylinux2014_ppc64le.whl", hash = "sha256:c6b487247c7836810091e9455efe56a52ec51bfa3a222237e1587d04d3e04527"},
    {file = "jiter-0.7.0-cp312-cp312-manylinux_2_17_s390x.manylinux2014_s390x.whl", hash = "sha256:e6d28a92f28814e1a9f2824dc11f4e17e1df1f44dc4fdeb94c5450d34bcb2602"},
    {file = "jiter-0.7.0-cp312-cp312-manylinux_2_17_x86_64.manylinux2014_x86_64.whl", hash = "sha256:90443994bbafe134f0b34201dad3ebe1c769f0599004084e046fb249ad912425"},
    {file = "jiter-0.7.0-cp312-cp312-manylinux_2_5_i686.manylinux1_i686.whl", hash = "sha256:f9abf464f9faac652542ce8360cea8e68fba2b78350e8a170248f9bcc228702a"},
    {file = "jiter-0.7.0-cp312-cp312-musllinux_1_1_aarch64.whl", hash = "sha256:db7a8d99fc5f842f7d2852f06ccaed066532292c41723e5dff670c339b649f88"},
    {file = "jiter-0.7.0-cp312-cp312-musllinux_1_1_x86_64.whl", hash = "sha256:15cf691ebd8693b70c94627d6b748f01e6d697d9a6e9f2bc310934fcfb7cf25e"},
    {file = "jiter-0.7.0-cp312-none-win32.whl", hash = "sha256:9dcd54fa422fb66ca398bec296fed5f58e756aa0589496011cfea2abb5be38a5"},
    {file = "jiter-0.7.0-cp312-none-win_amd64.whl", hash = "sha256:cc989951f73f9375b8eacd571baaa057f3d7d11b7ce6f67b9d54642e7475bfad"},
    {file = "jiter-0.7.0-cp313-cp313-macosx_10_12_x86_64.whl", hash = "sha256:24cecd18df540963cd27c08ca5ce1d0179f229ff78066d9eecbe5add29361340"},
    {file = "jiter-0.7.0-cp313-cp313-macosx_11_0_arm64.whl", hash = "sha256:d41b46236b90b043cca73785674c23d2a67d16f226394079d0953f94e765ed76"},
    {file = "jiter-0.7.0-cp313-cp313-manylinux_2_17_aarch64.manylinux2014_aarch64.whl", hash = "sha256:b160db0987171365c153e406a45dcab0ee613ae3508a77bfff42515cb4ce4d6e"},
    {file = "jiter-0.7.0-cp313-cp313-manylinux_2_17_armv7l.manylinux2014_armv7l.whl", hash = "sha256:d1c8d91e0f0bd78602eaa081332e8ee4f512c000716f5bc54e9a037306d693a7"},
    {file = "jiter-0.7.0-cp313-cp313-manylinux_2_17_ppc64le.manylinux2014_ppc64le.whl", hash = "sha256:997706c683195eeff192d2e5285ce64d2a610414f37da3a3f2625dcf8517cf90"},
    {file = "jiter-0.7.0-cp313-cp313-manylinux_2_17_s390x.manylinux2014_s390x.whl", hash = "sha256:7ea52a8a0ff0229ab2920284079becd2bae0688d432fca94857ece83bb49c541"},
    {file = "jiter-0.7.0-cp313-cp313-manylinux_2_17_x86_64.manylinux2014_x86_64.whl", hash = "sha256:6d77449d2738cf74752bb35d75ee431af457e741124d1db5e112890023572c7c"},
    {file = "jiter-0.7.0-cp313-cp313-manylinux_2_5_i686.manylinux1_i686.whl", hash = "sha256:a8203519907a1d81d6cb00902c98e27c2d0bf25ce0323c50ca594d30f5f1fbcf"},
    {file = "jiter-0.7.0-cp313-cp313-musllinux_1_1_aarch64.whl", hash = "sha256:41d15ccc53931c822dd7f1aebf09faa3cda2d7b48a76ef304c7dbc19d1302e51"},
    {file = "jiter-0.7.0-cp313-cp313-musllinux_1_1_x86_64.whl", hash = "sha256:febf3179b2fabf71fbd2fd52acb8594163bb173348b388649567a548f356dbf6"},
    {file = "jiter-0.7.0-cp313-none-win32.whl", hash = "sha256:4a8e2d866e7eda19f012444e01b55079d8e1c4c30346aaac4b97e80c54e2d6d3"},
    {file = "jiter-0.7.0-cp313-none-win_amd64.whl", hash = "sha256:7417c2b928062c496f381fb0cb50412eee5ad1d8b53dbc0e011ce45bb2de522c"},
    {file = "jiter-0.7.0-cp38-cp38-macosx_10_12_x86_64.whl", hash = "sha256:9c62c737b5368e51e74960a08fe1adc807bd270227291daede78db24d5fbf556"},
    {file = "jiter-0.7.0-cp38-cp38-macosx_11_0_arm64.whl", hash = "sha256:e4640722b1bef0f6e342fe4606aafaae0eb4f4be5c84355bb6867f34400f6688"},
    {file = "jiter-0.7.0-cp38-cp38-manylinux_2_17_aarch64.manylinux2014_aarch64.whl", hash = "sha256:f367488c3b9453eab285424c61098faa1cab37bb49425e69c8dca34f2dfe7d69"},
    {file = "jiter-0.7.0-cp38-cp38-manylinux_2_17_armv7l.manylinux2014_armv7l.whl", hash = "sha256:0cf5d42beb3514236459454e3287db53d9c4d56c4ebaa3e9d0efe81b19495129"},
    {file = "jiter-0.7.0-cp38-cp38-manylinux_2_17_ppc64le.manylinux2014_ppc64le.whl", hash = "sha256:cc5190ea1113ee6f7252fa8a5fe5a6515422e378356c950a03bbde5cafbdbaab"},
    {file = "jiter-0.7.0-cp38-cp38-manylinux_2_17_s390x.manylinux2014_s390x.whl", hash = "sha256:63ee47a149d698796a87abe445fc8dee21ed880f09469700c76c8d84e0d11efd"},
    {file = "jiter-0.7.0-cp38-cp38-manylinux_2_17_x86_64.manylinux2014_x86_64.whl", hash = "sha256:48592c26ea72d3e71aa4bea0a93454df907d80638c3046bb0705507b6704c0d7"},
    {file = "jiter-0.7.0-cp38-cp38-manylinux_2_5_i686.manylinux1_i686.whl", hash = "sha256:79fef541199bd91cfe8a74529ecccb8eaf1aca38ad899ea582ebbd4854af1e51"},
    {file = "jiter-0.7.0-cp38-cp38-musllinux_1_1_aarch64.whl", hash = "sha256:d1ef6bb66041f2514739240568136c81b9dcc64fd14a43691c17ea793b6535c0"},
    {file = "jiter-0.7.0-cp38-cp38-musllinux_1_1_x86_64.whl", hash = "sha256:aca4d950863b1c238e315bf159466e064c98743eef3bd0ff9617e48ff63a4715"},
    {file = "jiter-0.7.0-cp38-none-win32.whl", hash = "sha256:897745f230350dcedb8d1ebe53e33568d48ea122c25e6784402b6e4e88169be7"},
    {file = "jiter-0.7.0-cp38-none-win_amd64.whl", hash = "sha256:b928c76a422ef3d0c85c5e98c498ce3421b313c5246199541e125b52953e1bc0"},
    {file = "jiter-0.7.0-cp39-cp39-macosx_10_12_x86_64.whl", hash = "sha256:c9b669ff6f8ba08270dee9ccf858d3b0203b42314a428a1676762f2d390fbb64"},
    {file = "jiter-0.7.0-cp39-cp39-macosx_11_0_arm64.whl", hash = "sha256:b5be919bacd73ca93801c3042bce6e95cb9c555a45ca83617b9b6c89df03b9c2"},
    {file = "jiter-0.7.0-cp39-cp39-manylinux_2_17_aarch64.manylinux2014_aarch64.whl", hash = "sha256:a282e1e8a396dabcea82d64f9d05acf7efcf81ecdd925b967020dcb0e671c103"},
    {file = "jiter-0.7.0-cp39-cp39-manylinux_2_17_armv7l.manylinux2014_armv7l.whl", hash = "sha256:17ecb1a578a56e97a043c72b463776b5ea30343125308f667fb8fce4b3796735"},
    {file = "jiter-0.7.0-cp39-cp39-manylinux_2_17_ppc64le.manylinux2014_ppc64le.whl", hash = "sha256:7b6045fa0527129218cdcd8a8b839f678219686055f31ebab35f87d354d9c36e"},
    {file = "jiter-0.7.0-cp39-cp39-manylinux_2_17_s390x.manylinux2014_s390x.whl", hash = "sha256:189cc4262a92e33c19d4fd24018f5890e4e6da5b2581f0059938877943f8298c"},
    {file = "jiter-0.7.0-cp39-cp39-manylinux_2_17_x86_64.manylinux2014_x86_64.whl", hash = "sha256:c138414839effbf30d185e30475c6dc8a16411a1e3681e5fd4605ab1233ac67a"},
    {file = "jiter-0.7.0-cp39-cp39-manylinux_2_5_i686.manylinux1_i686.whl", hash = "sha256:2791604acef33da6b72d5ecf885a32384bcaf9aa1e4be32737f3b8b9588eef6a"},
    {file = "jiter-0.7.0-cp39-cp39-musllinux_1_1_aarch64.whl", hash = "sha256:ae60ec89037a78d60bbf3d8b127f1567769c8fa24886e0abed3f622791dea478"},
    {file = "jiter-0.7.0-cp39-cp39-musllinux_1_1_x86_64.whl", hash = "sha256:836f03dea312967635233d826f783309b98cfd9ccc76ac776e224cfcef577862"},
    {file = "jiter-0.7.0-cp39-none-win32.whl", hash = "sha256:ebc30ae2ce4bc4986e1764c404b4ea1924f926abf02ce92516485098f8545374"},
    {file = "jiter-0.7.0-cp39-none-win_amd64.whl", hash = "sha256:abf596f951370c648f37aa9899deab296c42a3829736e598b0dd10b08f77a44d"},
    {file = "jiter-0.7.0.tar.gz", hash = "sha256:c061d9738535497b5509f8970584f20de1e900806b239a39a9994fc191dad630"},
]

[[package]]
name = "openai"
version = "1.54.3"
description = "The official Python library for the openai API"
optional = false
python-versions = ">=3.8"
files = [
    {file = "openai-1.54.3-py3-none-any.whl", hash = "sha256:f18dbaf09c50d70c4185b892a2a553f80681d1d866323a2da7f7be2f688615d5"},
    {file = "openai-1.54.3.tar.gz", hash = "sha256:7511b74eeb894ac0b0253dc71f087a15d2e4d71d22d0088767205143d880cca6"},
]

[package.dependencies]
anyio = ">=3.5.0,<5"
distro = ">=1.7.0,<2"
httpx = ">=0.23.0,<1"
jiter = ">=0.4.0,<1"
pydantic = ">=1.9.0,<3"
sniffio = "*"
tqdm = ">4"
typing-extensions = ">=4.11,<5"

[package.extras]
datalib = ["numpy (>=1)", "pandas (>=1.2.3)", "pandas-stubs (>=1.1.0.11)"]

[[package]]
name = "packaging"
version = "24.1"
description = "Core utilities for Python packages"
optional = false
python-versions = ">=3.8"
files = [
    {file = "packaging-24.1-py3-none-any.whl", hash = "sha256:5b8f2217dbdbd2f7f384c41c628544e6d52f2d0f53c6d0c3ea61aa5d1d7ff124"},
    {file = "packaging-24.1.tar.gz", hash = "sha256:026ed72c8ed3fcce5bf8950572258698927fd1dbda10a5e981cdf0ac37f4f002"},
]

[[package]]
name = "pluggy"
version = "1.5.0"
description = "plugin and hook calling mechanisms for python"
optional = false
python-versions = ">=3.8"
files = [
    {file = "pluggy-1.5.0-py3-none-any.whl", hash = "sha256:44e1ad92c8ca002de6377e165f3e0f1be63266ab4d554740532335b9d75ea669"},
    {file = "pluggy-1.5.0.tar.gz", hash = "sha256:2cffa88e94fdc978c4c574f15f9e59b7f4201d439195c3715ca9e2486f1d0cf1"},
]

[package.extras]
dev = ["pre-commit", "tox"]
testing = ["pytest", "pytest-benchmark"]

[[package]]
name = "py"
version = "1.11.0"
description = "library with cross-python path, ini-parsing, io, code, log facilities"
optional = false
python-versions = ">=2.7, !=3.0.*, !=3.1.*, !=3.2.*, !=3.3.*, !=3.4.*"
files = [
    {file = "py-1.11.0-py2.py3-none-any.whl", hash = "sha256:607c53218732647dff4acdfcd50cb62615cedf612e72d1724fb1a0cc6405b378"},
    {file = "py-1.11.0.tar.gz", hash = "sha256:51c75c4126074b472f746a24399ad32f6053d1b34b68d2fa41e558e6f4a98719"},
]

[[package]]
name = "pydantic"
version = "1.10.19"
description = "Data validation and settings management using python type hints"
optional = false
python-versions = ">=3.7"
files = [
    {file = "pydantic-1.10.19-cp310-cp310-macosx_10_9_x86_64.whl", hash = "sha256:a415b9e95fa602b10808113967f72b2da8722061265d6af69268c111c254832d"},
    {file = "pydantic-1.10.19-cp310-cp310-macosx_11_0_arm64.whl", hash = "sha256:11965f421f7eb026439d4eb7464e9182fe6d69c3d4d416e464a4485d1ba61ab6"},
    {file = "pydantic-1.10.19-cp310-cp310-manylinux_2_17_x86_64.manylinux2014_x86_64.whl", hash = "sha256:f5bb81fcfc6d5bff62cd786cbd87480a11d23f16d5376ad2e057c02b3b44df96"},
    {file = "pydantic-1.10.19-cp310-cp310-manylinux_2_5_i686.manylinux1_i686.manylinux_2_17_i686.manylinux2014_i686.whl", hash = "sha256:83ee8c9916689f8e6e7d90161e6663ac876be2efd32f61fdcfa3a15e87d4e413"},
    {file = "pydantic-1.10.19-cp310-cp310-musllinux_1_1_i686.whl", hash = "sha256:0399094464ae7f28482de22383e667625e38e1516d6b213176df1acdd0c477ea"},
    {file = "pydantic-1.10.19-cp310-cp310-musllinux_1_1_x86_64.whl", hash = "sha256:8b2cf5e26da84f2d2dee3f60a3f1782adedcee785567a19b68d0af7e1534bd1f"},
    {file = "pydantic-1.10.19-cp310-cp310-win_amd64.whl", hash = "sha256:1fc8cc264afaf47ae6a9bcbd36c018d0c6b89293835d7fb0e5e1a95898062d59"},
    {file = "pydantic-1.10.19-cp311-cp311-macosx_10_9_x86_64.whl", hash = "sha256:d7a8a1dd68bac29f08f0a3147de1885f4dccec35d4ea926e6e637fac03cdb4b3"},
    {file = "pydantic-1.10.19-cp311-cp311-macosx_11_0_arm64.whl", hash = "sha256:07d00ca5ef0de65dd274005433ce2bb623730271d495a7d190a91c19c5679d34"},
    {file = "pydantic-1.10.19-cp311-cp311-manylinux_2_17_x86_64.manylinux2014_x86_64.whl", hash = "sha256:ad57004e5d73aee36f1e25e4e73a4bc853b473a1c30f652dc8d86b0a987ffce3"},
    {file = "pydantic-1.10.19-cp311-cp311-manylinux_2_5_i686.manylinux1_i686.manylinux_2_17_i686.manylinux2014_i686.whl", hash = "sha256:dce355fe7ae53e3090f7f5fa242423c3a7b53260747aa398b4b3aaf8b25f41c3"},
    {file = "pydantic-1.10.19-cp311-cp311-musllinux_1_1_i686.whl", hash = "sha256:0d32227ea9a3bf537a2273fd2fdb6d64ab4d9b83acd9e4e09310a777baaabb98"},
    {file = "pydantic-1.10.19-cp311-cp311-musllinux_1_1_x86_64.whl", hash = "sha256:e351df83d1c9cffa53d4e779009a093be70f1d5c6bb7068584086f6a19042526"},
    {file = "pydantic-1.10.19-cp311-cp311-win_amd64.whl", hash = "sha256:d8d72553d2f3f57ce547de4fa7dc8e3859927784ab2c88343f1fc1360ff17a08"},
    {file = "pydantic-1.10.19-cp312-cp312-macosx_10_9_x86_64.whl", hash = "sha256:d5b5b7c6bafaef90cbb7dafcb225b763edd71d9e22489647ee7df49d6d341890"},
    {file = "pydantic-1.10.19-cp312-cp312-macosx_11_0_arm64.whl", hash = "sha256:570ad0aeaf98b5e33ff41af75aba2ef6604ee25ce0431ecd734a28e74a208555"},
    {file = "pydantic-1.10.19-cp312-cp312-manylinux_2_17_x86_64.manylinux2014_x86_64.whl", hash = "sha256:0890fbd7fec9e151c7512941243d830b2d6076d5df159a2030952d480ab80a4e"},
    {file = "pydantic-1.10.19-cp312-cp312-manylinux_2_5_i686.manylinux1_i686.manylinux_2_17_i686.manylinux2014_i686.whl", hash = "sha256:ec5c44e6e9eac5128a9bfd21610df3b8c6b17343285cc185105686888dc81206"},
    {file = "pydantic-1.10.19-cp312-cp312-musllinux_1_1_i686.whl", hash = "sha256:6eb56074b11a696e0b66c7181da682e88c00e5cebe6570af8013fcae5e63e186"},
    {file = "pydantic-1.10.19-cp312-cp312-musllinux_1_1_x86_64.whl", hash = "sha256:9d7d48fbc5289efd23982a0d68e973a1f37d49064ccd36d86de4543aff21e086"},
    {file = "pydantic-1.10.19-cp312-cp312-win_amd64.whl", hash = "sha256:fd34012691fbd4e67bdf4accb1f0682342101015b78327eaae3543583fcd451e"},
    {file = "pydantic-1.10.19-cp37-cp37m-macosx_10_9_x86_64.whl", hash = "sha256:4a5d5b877c7d3d9e17399571a8ab042081d22fe6904416a8b20f8af5909e6c8f"},
    {file = "pydantic-1.10.19-cp37-cp37m-manylinux_2_17_x86_64.manylinux2014_x86_64.whl", hash = "sha256:9c46f58ef2df958ed2ea7437a8be0897d5efe9ee480818405338c7da88186fb3"},
    {file = "pydantic-1.10.19-cp37-cp37m-manylinux_2_5_i686.manylinux1_i686.manylinux_2_17_i686.manylinux2014_i686.whl", hash = "sha256:6d8a38a44bb6a15810084316ed69c854a7c06e0c99c5429f1d664ad52cec353c"},
    {file = "pydantic-1.10.19-cp37-cp37m-musllinux_1_1_i686.whl", hash = "sha256:a82746c6d6e91ca17e75f7f333ed41d70fce93af520a8437821dec3ee52dfb10"},
    {file = "pydantic-1.10.19-cp37-cp37m-musllinux_1_1_x86_64.whl", hash = "sha256:566bebdbe6bc0ac593fa0f67d62febbad9f8be5433f686dc56401ba4aab034e3"},
    {file = "pydantic-1.10.19-cp37-cp37m-win_amd64.whl", hash = "sha256:22a1794e01591884741be56c6fba157c4e99dcc9244beb5a87bd4aa54b84ea8b"},
    {file = "pydantic-1.10.19-cp38-cp38-macosx_10_9_x86_64.whl", hash = "sha256:076c49e24b73d346c45f9282d00dbfc16eef7ae27c970583d499f11110d9e5b0"},
    {file = "pydantic-1.10.19-cp38-cp38-macosx_11_0_arm64.whl", hash = "sha256:5d4320510682d5a6c88766b2a286d03b87bd3562bf8d78c73d63bab04b21e7b4"},
    {file = "pydantic-1.10.19-cp38-cp38-manylinux_2_17_x86_64.manylinux2014_x86_64.whl", hash = "sha256:7e66aa0fa7f8aa9d0a620361834f6eb60d01d3e9cea23ca1a92cda99e6f61dac"},
    {file = "pydantic-1.10.19-cp38-cp38-manylinux_2_5_i686.manylinux1_i686.manylinux_2_17_i686.manylinux2014_i686.whl", hash = "sha256:d216f8d0484d88ab72ab45d699ac669fe031275e3fa6553e3804e69485449fa0"},
    {file = "pydantic-1.10.19-cp38-cp38-musllinux_1_1_i686.whl", hash = "sha256:9f28a81978e936136c44e6a70c65bde7548d87f3807260f73aeffbf76fb94c2f"},
    {file = "pydantic-1.10.19-cp38-cp38-musllinux_1_1_x86_64.whl", hash = "sha256:d3449633c207ec3d2d672eedb3edbe753e29bd4e22d2e42a37a2c1406564c20f"},
    {file = "pydantic-1.10.19-cp38-cp38-win_amd64.whl", hash = "sha256:7ea24e8614f541d69ea72759ff635df0e612b7dc9d264d43f51364df310081a3"},
    {file = "pydantic-1.10.19-cp39-cp39-macosx_10_9_x86_64.whl", hash = "sha256:573254d844f3e64093f72fcd922561d9c5696821ff0900a0db989d8c06ab0c25"},
    {file = "pydantic-1.10.19-cp39-cp39-macosx_11_0_arm64.whl", hash = "sha256:ff09600cebe957ecbb4a27496fe34c1d449e7957ed20a202d5029a71a8af2e35"},
    {file = "pydantic-1.10.19-cp39-cp39-manylinux_2_17_x86_64.manylinux2014_x86_64.whl", hash = "sha256:4739c206bfb6bb2bdc78dcd40bfcebb2361add4ceac6d170e741bb914e9eff0f"},
    {file = "pydantic-1.10.19-cp39-cp39-manylinux_2_5_i686.manylinux1_i686.manylinux_2_17_i686.manylinux2014_i686.whl", hash = "sha256:0bfb5b378b78229119d66ced6adac2e933c67a0aa1d0a7adffbe432f3ec14ce4"},
    {file = "pydantic-1.10.19-cp39-cp39-musllinux_1_1_i686.whl", hash = "sha256:7f31742c95e3f9443b8c6fa07c119623e61d76603be9c0d390bcf7e888acabcb"},
    {file = "pydantic-1.10.19-cp39-cp39-musllinux_1_1_x86_64.whl", hash = "sha256:c6444368b651a14c2ce2fb22145e1496f7ab23cbdb978590d47c8d34a7bc0289"},
    {file = "pydantic-1.10.19-cp39-cp39-win_amd64.whl", hash = "sha256:945407f4d08cd12485757a281fca0e5b41408606228612f421aa4ea1b63a095d"},
    {file = "pydantic-1.10.19-py3-none-any.whl", hash = "sha256:2206a1752d9fac011e95ca83926a269fb0ef5536f7e053966d058316e24d929f"},
    {file = "pydantic-1.10.19.tar.gz", hash = "sha256:fea36c2065b7a1d28c6819cc2e93387b43dd5d3cf5a1e82d8132ee23f36d1f10"},
]

[package.dependencies]
typing-extensions = ">=4.2.0"

[package.extras]
dotenv = ["python-dotenv (>=0.10.4)"]
email = ["email-validator (>=1.0.3)"]

[[package]]
name = "pytest"
version = "6.2.5"
description = "pytest: simple powerful testing with Python"
optional = false
python-versions = ">=3.6"
files = [
    {file = "pytest-6.2.5-py3-none-any.whl", hash = "sha256:7310f8d27bc79ced999e760ca304d69f6ba6c6649c0b60fb0e04a4a77cacc134"},
    {file = "pytest-6.2.5.tar.gz", hash = "sha256:131b36680866a76e6781d13f101efb86cf674ebb9762eb70d3082b6f29889e89"},
]

[package.dependencies]
atomicwrites = {version = ">=1.0", markers = "sys_platform == \"win32\""}
attrs = ">=19.2.0"
colorama = {version = "*", markers = "sys_platform == \"win32\""}
iniconfig = "*"
packaging = "*"
pluggy = ">=0.12,<2.0"
py = ">=1.8.2"
toml = "*"

[package.extras]
testing = ["argcomplete", "hypothesis (>=3.56)", "mock", "nose", "requests", "xmlschema"]

[[package]]
name = "python-dotenv"
version = "0.19.2"
description = "Read key-value pairs from a .env file and set them as environment variables"
optional = false
python-versions = ">=3.5"
files = [
    {file = "python-dotenv-0.19.2.tar.gz", hash = "sha256:a5de49a31e953b45ff2d2fd434bbc2670e8db5273606c1e737cc6b93eff3655f"},
    {file = "python_dotenv-0.19.2-py2.py3-none-any.whl", hash = "sha256:32b2bdc1873fd3a3c346da1c6db83d0053c3c62f28f1f38516070c4c8971b1d3"},
]

[package.extras]
cli = ["click (>=5.0)"]

[[package]]
name = "sniffio"
version = "1.3.1"
description = "Sniff out which async library your code is running under"
optional = false
python-versions = ">=3.7"
files = [
    {file = "sniffio-1.3.1-py3-none-any.whl", hash = "sha256:2f6da418d1f1e0fddd844478f41680e794e6051915791a034ff65e5f100525a2"},
    {file = "sniffio-1.3.1.tar.gz", hash = "sha256:f4324edc670a0f49750a81b895f35c3adb843cca46f0530f79fc1babb23789dc"},
]

[[package]]
name = "starlette"
version = "0.14.2"
description = "The little ASGI library that shines."
optional = false
python-versions = ">=3.6"
files = [
    {file = "starlette-0.14.2-py3-none-any.whl", hash = "sha256:3c8e48e52736b3161e34c9f0e8153b4f32ec5d8995a3ee1d59410d92f75162ed"},
    {file = "starlette-0.14.2.tar.gz", hash = "sha256:7d49f4a27f8742262ef1470608c59ddbc66baf37c148e938c7038e6bc7a998aa"},
]

[package.extras]
full = ["aiofiles", "graphene", "itsdangerous", "jinja2", "python-multipart", "pyyaml", "requests"]

[[package]]
name = "toml"
version = "0.10.2"
description = "Python Library for Tom's Obvious, Minimal Language"
optional = false
python-versions = ">=2.6, !=3.0.*, !=3.1.*, !=3.2.*"
files = [
    {file = "toml-0.10.2-py2.py3-none-any.whl", hash = "sha256:806143ae5bfb6a3c6e736a764057db0e6a0e05e338b5630894a5f779cabb4f9b"},
    {file = "toml-0.10.2.tar.gz", hash = "sha256:b3bda1d108d5dd99f4a20d24d9c348e91c4db7ab1b749200bded2f839ccbe68f"},
]

[[package]]
name = "tqdm"
version = "4.67.0"
description = "Fast, Extensible Progress Meter"
optional = false
python-versions = ">=3.7"
files = [
    {file = "tqdm-4.67.0-py3-none-any.whl", hash = "sha256:0cd8af9d56911acab92182e88d763100d4788bdf421d251616040cc4d44863be"},
    {file = "tqdm-4.67.0.tar.gz", hash = "sha256:fe5a6f95e6fe0b9755e9469b77b9c3cf850048224ecaa8293d7d2d31f97d869a"},
]

[package.dependencies]
colorama = {version = "*", markers = "platform_system == \"Windows\""}

[package.extras]
dev = ["pytest (>=6)", "pytest-cov", "pytest-timeout", "pytest-xdist"]
discord = ["requests"]
notebook = ["ipywidgets (>=6)"]
slack = ["slack-sdk"]
telegram = ["requests"]

[[package]]
name = "typing-extensions"
version = "4.12.2"
description = "Backported and Experimental Type Hints for Python 3.8+"
optional = false
python-versions = ">=3.8"
files = [
    {file = "typing_extensions-4.12.2-py3-none-any.whl", hash = "sha256:04e5ca0351e0f3f85c6853954072df659d0d13fac324d0072316b67d7794700d"},
    {file = "typing_extensions-4.12.2.tar.gz", hash = "sha256:1a7ead55c7e559dd4dee8856e3a88b41225abfe1ce8df57b7c13915fe121ffb8"},
]

[[package]]
name = "uvicorn"
version = "0.15.0"
description = "The lightning-fast ASGI server."
optional = false
python-versions = "*"
files = [
    {file = "uvicorn-0.15.0-py3-none-any.whl", hash = "sha256:17f898c64c71a2640514d4089da2689e5db1ce5d4086c2d53699bf99513421c1"},
    {file = "uvicorn-0.15.0.tar.gz", hash = "sha256:d9a3c0dd1ca86728d3e235182683b4cf94cd53a867c288eaeca80ee781b2caff"},
]

[package.dependencies]
asgiref = ">=3.4.0"
click = ">=7.0"
h11 = ">=0.8"

[package.extras]
standard = ["PyYAML (>=5.1)", "colorama (>=0.4)", "httptools (==0.2.*)", "python-dotenv (>=0.13)", "uvloop (>=0.14.0,!=0.15.0,!=0.15.1)", "watchgod (>=0.6)", "websockets (>=9.1)"]

[metadata]
lock-version = "2.0"
python-versions = "^3.9"
content-hash = "d8b8758c67660d8b2a75cb41de6672317bf08fc3c698167ebd8e89baf7c87fe8"
